
Microsoft Visual Studio Solution File, Format Version 12.00
# Visual Studio Version 17
VisualStudioVersion = 17.5.33424.131
MinimumVisualStudioVersion = 10.0.40219.1
Project("{9A19103F-16F7-4668-BE54-9A1E7A4F7556}") = "MicroRabbit.Domain.Core", "MicroRabbit.Domain.Core\MicroRabbit.Domain.Core.csproj", "{012A5A9B-1EE6-49D1-BC9D-77463AC0D780}"
EndProject
Project("{2150E333-8FDC-42A3-9474-1A3956D46DE8}") = "Domain", "Domain", "{13A88F7C-F5AA-4EE5-B197-04A3F5CEFB36}"
EndProject
Project("{2150E333-8FDC-42A3-9474-1A3956D46DE8}") = "Infra.Bus", "Infra.Bus", "{E8897B66-7318-4929-9B9D-3B0F177536C4}"
EndProject
Project("{2150E333-8FDC-42A3-9474-1A3956D46DE8}") = "Infra.IoC", "Infra.IoC", "{A550B180-F59A-4951-BC38-9FF111643CDA}"
EndProject
Project("{2150E333-8FDC-42A3-9474-1A3956D46DE8}") = "Microservices", "Microservices", "{35FA6189-08C1-4D46-BB8A-6C5DE6A3CE6E}"
EndProject
Project("{9A19103F-16F7-4668-BE54-9A1E7A4F7556}") = "MicroRabbit.Infra.Bus", "MicroRabbit.Infra.Bus\MicroRabbit.Infra.Bus.csproj", "{3768657E-EDDB-46E1-AA79-D3EF63B8166D}"
EndProject
Project("{9A19103F-16F7-4668-BE54-9A1E7A4F7556}") = "MicroRabbit.Infra.IoC", "MicroRabbit.Infra.IoC\MicroRabbit.Infra.IoC.csproj", "{AE034355-CBCB-43F8-9DB9-DA5019B34DC8}"
EndProject
Project("{2150E333-8FDC-42A3-9474-1A3956D46DE8}") = "Banking", "Banking", "{EF50B93B-2BC0-4F91-A395-34820E116B8E}"
EndProject
Project("{2150E333-8FDC-42A3-9474-1A3956D46DE8}") = "Api", "Api", "{FDDE72AE-88D8-4E8F-9C89-E232194A67EB}"
EndProject
Project("{2150E333-8FDC-42A3-9474-1A3956D46DE8}") = "Aplication", "Aplication", "{66144C09-33B5-4617-8EE5-82B6E9F8BD85}"
EndProject
Project("{2150E333-8FDC-42A3-9474-1A3956D46DE8}") = "Domain", "Domain", "{83D5169F-DC11-48F3-B522-9E401786B226}"
EndProject
Project("{2150E333-8FDC-42A3-9474-1A3956D46DE8}") = "Data", "Data", "{1E4163FC-6E31-40BD-84AD-EBA3AB4CEF0B}"
EndProject
Project("{9A19103F-16F7-4668-BE54-9A1E7A4F7556}") = "MicroRabbitBanking.Api", "MicroRabbitBanking.Api\MicroRabbitBanking.Api.csproj", "{C23B3E6E-2613-42E9-BC3D-D08CA1FAA69F}"
EndProject
Project("{9A19103F-16F7-4668-BE54-9A1E7A4F7556}") = "MicroRabbit.Banking.Aplication", "MicroRabbit.Banking.Aplication\MicroRabbit.Banking.Aplication.csproj", "{799C9822-90D5-436E-830E-65D49AAFC6B2}"
EndProject
Project("{9A19103F-16F7-4668-BE54-9A1E7A4F7556}") = "MicroRabbit.Banking.Data", "MicroRabbit.Banking.Data\MicroRabbit.Banking.Data.csproj", "{8104B919-38A4-4C32-9737-707B6534BBCB}"
EndProject
Project("{9A19103F-16F7-4668-BE54-9A1E7A4F7556}") = "MicroRabbit.Banking.Domain", "MicroRabbit.Banking.Domain\MicroRabbit.Banking.Domain.csproj", "{B4881634-641E-46A5-A532-C9538101C6E7}"
EndProject
Project("{2150E333-8FDC-42A3-9474-1A3956D46DE8}") = "Transfer", "Transfer", "{4531F807-60BE-4097-869B-94034F96F8D7}"
EndProject
Project("{2150E333-8FDC-42A3-9474-1A3956D46DE8}") = "Aplication", "Aplication", "{72ADCE52-A351-4BC3-9585-EBEB0A2BE9DE}"
EndProject
Project("{2150E333-8FDC-42A3-9474-1A3956D46DE8}") = "Api", "Api", "{C9B72654-A524-4AD3-BAEE-A7F4B016F751}"
EndProject
Project("{2150E333-8FDC-42A3-9474-1A3956D46DE8}") = "Domain", "Domain", "{F4B1D638-FF40-400A-A30C-5CCE951B3461}"
EndProject
Project("{2150E333-8FDC-42A3-9474-1A3956D46DE8}") = "Data", "Data", "{D1F9CAA8-4182-4E6B-8FBB-9E91C71804E1}"
EndProject
Project("{FAE04EC0-301F-11D3-BF4B-00C04F79EFBC}") = "MicroRabbit.Transfer.Api", "MicroRabbit.Transfer.Api\MicroRabbit.Transfer.Api.csproj", "{CCEDA0C0-6C11-42ED-AB62-E59EF83F491A}"
EndProject
Project("{FAE04EC0-301F-11D3-BF4B-00C04F79EFBC}") = "MicroRabbit.Transfer.Aplication", "MicroRabbit.Transfer.Aplication\MicroRabbit.Transfer.Aplication.csproj", "{0F287C7D-A174-4114-ADFC-32CC3C63D8A9}"
EndProject
Project("{FAE04EC0-301F-11D3-BF4B-00C04F79EFBC}") = "MicroRabbit.Transfer.Data", "MicroRabbit.Transfer.Data\MicroRabbit.Transfer.Data.csproj", "{BC88A4D9-EB39-4F5A-8E6E-F9999E3A4843}"
EndProject
Project("{FAE04EC0-301F-11D3-BF4B-00C04F79EFBC}") = "MicroRabbit.Transfer.Domain", "MicroRabbit.Transfer.Domain\MicroRabbit.Transfer.Domain.csproj", "{29756BAD-FF73-4395-9E4C-E408368F79D0}"
EndProject
Global
	GlobalSection(SolutionConfigurationPlatforms) = preSolution
		Debug|Any CPU = Debug|Any CPU
		Release|Any CPU = Release|Any CPU
	EndGlobalSection
	GlobalSection(ProjectConfigurationPlatforms) = postSolution
		{012A5A9B-1EE6-49D1-BC9D-77463AC0D780}.Debug|Any CPU.ActiveCfg = Debug|Any CPU
		{012A5A9B-1EE6-49D1-BC9D-77463AC0D780}.Debug|Any CPU.Build.0 = Debug|Any CPU
		{012A5A9B-1EE6-49D1-BC9D-77463AC0D780}.Release|Any CPU.ActiveCfg = Release|Any CPU
		{012A5A9B-1EE6-49D1-BC9D-77463AC0D780}.Release|Any CPU.Build.0 = Release|Any CPU
		{3768657E-EDDB-46E1-AA79-D3EF63B8166D}.Debug|Any CPU.ActiveCfg = Debug|Any CPU
		{3768657E-EDDB-46E1-AA79-D3EF63B8166D}.Debug|Any CPU.Build.0 = Debug|Any CPU
		{3768657E-EDDB-46E1-AA79-D3EF63B8166D}.Release|Any CPU.ActiveCfg = Release|Any CPU
		{3768657E-EDDB-46E1-AA79-D3EF63B8166D}.Release|Any CPU.Build.0 = Release|Any CPU
		{AE034355-CBCB-43F8-9DB9-DA5019B34DC8}.Debug|Any CPU.ActiveCfg = Debug|Any CPU
		{AE034355-CBCB-43F8-9DB9-DA5019B34DC8}.Debug|Any CPU.Build.0 = Debug|Any CPU
		{AE034355-CBCB-43F8-9DB9-DA5019B34DC8}.Release|Any CPU.ActiveCfg = Release|Any CPU
		{AE034355-CBCB-43F8-9DB9-DA5019B34DC8}.Release|Any CPU.Build.0 = Release|Any CPU
		{C23B3E6E-2613-42E9-BC3D-D08CA1FAA69F}.Debug|Any CPU.ActiveCfg = Debug|Any CPU
		{C23B3E6E-2613-42E9-BC3D-D08CA1FAA69F}.Debug|Any CPU.Build.0 = Debug|Any CPU
		{C23B3E6E-2613-42E9-BC3D-D08CA1FAA69F}.Release|Any CPU.ActiveCfg = Release|Any CPU
		{C23B3E6E-2613-42E9-BC3D-D08CA1FAA69F}.Release|Any CPU.Build.0 = Release|Any CPU
		{799C9822-90D5-436E-830E-65D49AAFC6B2}.Debug|Any CPU.ActiveCfg = Debug|Any CPU
		{799C9822-90D5-436E-830E-65D49AAFC6B2}.Debug|Any CPU.Build.0 = Debug|Any CPU
		{799C9822-90D5-436E-830E-65D49AAFC6B2}.Release|Any CPU.ActiveCfg = Release|Any CPU
		{799C9822-90D5-436E-830E-65D49AAFC6B2}.Release|Any CPU.Build.0 = Release|Any CPU
		{8104B919-38A4-4C32-9737-707B6534BBCB}.Debug|Any CPU.ActiveCfg = Debug|Any CPU
		{8104B919-38A4-4C32-9737-707B6534BBCB}.Debug|Any CPU.Build.0 = Debug|Any CPU
		{8104B919-38A4-4C32-9737-707B6534BBCB}.Release|Any CPU.ActiveCfg = Release|Any CPU
		{8104B919-38A4-4C32-9737-707B6534BBCB}.Release|Any CPU.Build.0 = Release|Any CPU
		{B4881634-641E-46A5-A532-C9538101C6E7}.Debug|Any CPU.ActiveCfg = Debug|Any CPU
		{B4881634-641E-46A5-A532-C9538101C6E7}.Debug|Any CPU.Build.0 = Debug|Any CPU
		{B4881634-641E-46A5-A532-C9538101C6E7}.Release|Any CPU.ActiveCfg = Release|Any CPU
		{B4881634-641E-46A5-A532-C9538101C6E7}.Release|Any CPU.Build.0 = Release|Any CPU
		{CCEDA0C0-6C11-42ED-AB62-E59EF83F491A}.Debug|Any CPU.ActiveCfg = Debug|Any CPU
		{CCEDA0C0-6C11-42ED-AB62-E59EF83F491A}.Debug|Any CPU.Build.0 = Debug|Any CPU
		{CCEDA0C0-6C11-42ED-AB62-E59EF83F491A}.Release|Any CPU.ActiveCfg = Release|Any CPU
		{CCEDA0C0-6C11-42ED-AB62-E59EF83F491A}.Release|Any CPU.Build.0 = Release|Any CPU
		{0F287C7D-A174-4114-ADFC-32CC3C63D8A9}.Debug|Any CPU.ActiveCfg = Debug|Any CPU
		{0F287C7D-A174-4114-ADFC-32CC3C63D8A9}.Debug|Any CPU.Build.0 = Debug|Any CPU
		{0F287C7D-A174-4114-ADFC-32CC3C63D8A9}.Release|Any CPU.ActiveCfg = Release|Any CPU
		{0F287C7D-A174-4114-ADFC-32CC3C63D8A9}.Release|Any CPU.Build.0 = Release|Any CPU
		{BC88A4D9-EB39-4F5A-8E6E-F9999E3A4843}.Debug|Any CPU.ActiveCfg = Debug|Any CPU
		{BC88A4D9-EB39-4F5A-8E6E-F9999E3A4843}.Debug|Any CPU.Build.0 = Debug|Any CPU
		{BC88A4D9-EB39-4F5A-8E6E-F9999E3A4843}.Release|Any CPU.ActiveCfg = Release|Any CPU
		{BC88A4D9-EB39-4F5A-8E6E-F9999E3A4843}.Release|Any CPU.Build.0 = Release|Any CPU
		{29756BAD-FF73-4395-9E4C-E408368F79D0}.Debug|Any CPU.ActiveCfg = Debug|Any CPU
		{29756BAD-FF73-4395-9E4C-E408368F79D0}.Debug|Any CPU.Build.0 = Debug|Any CPU
		{29756BAD-FF73-4395-9E4C-E408368F79D0}.Release|Any CPU.ActiveCfg = Release|Any CPU
		{29756BAD-FF73-4395-9E4C-E408368F79D0}.Release|Any CPU.Build.0 = Release|Any CPU
	EndGlobalSection
	GlobalSection(SolutionProperties) = preSolution
		HideSolutionNode = FALSE
	EndGlobalSection
	GlobalSection(NestedProjects) = preSolution
		{012A5A9B-1EE6-49D1-BC9D-77463AC0D780} = {13A88F7C-F5AA-4EE5-B197-04A3F5CEFB36}
		{3768657E-EDDB-46E1-AA79-D3EF63B8166D} = {E8897B66-7318-4929-9B9D-3B0F177536C4}
		{AE034355-CBCB-43F8-9DB9-DA5019B34DC8} = {A550B180-F59A-4951-BC38-9FF111643CDA}
		{EF50B93B-2BC0-4F91-A395-34820E116B8E} = {35FA6189-08C1-4D46-BB8A-6C5DE6A3CE6E}
		{FDDE72AE-88D8-4E8F-9C89-E232194A67EB} = {EF50B93B-2BC0-4F91-A395-34820E116B8E}
		{66144C09-33B5-4617-8EE5-82B6E9F8BD85} = {EF50B93B-2BC0-4F91-A395-34820E116B8E}
		{83D5169F-DC11-48F3-B522-9E401786B226} = {EF50B93B-2BC0-4F91-A395-34820E116B8E}
		{1E4163FC-6E31-40BD-84AD-EBA3AB4CEF0B} = {EF50B93B-2BC0-4F91-A395-34820E116B8E}
		{C23B3E6E-2613-42E9-BC3D-D08CA1FAA69F} = {FDDE72AE-88D8-4E8F-9C89-E232194A67EB}
		{799C9822-90D5-436E-830E-65D49AAFC6B2} = {66144C09-33B5-4617-8EE5-82B6E9F8BD85}
		{8104B919-38A4-4C32-9737-707B6534BBCB} = {1E4163FC-6E31-40BD-84AD-EBA3AB4CEF0B}
		{B4881634-641E-46A5-A532-C9538101C6E7} = {83D5169F-DC11-48F3-B522-9E401786B226}
		{4531F807-60BE-4097-869B-94034F96F8D7} = {35FA6189-08C1-4D46-BB8A-6C5DE6A3CE6E}
		{72ADCE52-A351-4BC3-9585-EBEB0A2BE9DE} = {4531F807-60BE-4097-869B-94034F96F8D7}
		{C9B72654-A524-4AD3-BAEE-A7F4B016F751} = {4531F807-60BE-4097-869B-94034F96F8D7}
		{F4B1D638-FF40-400A-A30C-5CCE951B3461} = {4531F807-60BE-4097-869B-94034F96F8D7}
		{D1F9CAA8-4182-4E6B-8FBB-9E91C71804E1} = {4531F807-60BE-4097-869B-94034F96F8D7}
		{CCEDA0C0-6C11-42ED-AB62-E59EF83F491A} = {C9B72654-A524-4AD3-BAEE-A7F4B016F751}
		{0F287C7D-A174-4114-ADFC-32CC3C63D8A9} = {72ADCE52-A351-4BC3-9585-EBEB0A2BE9DE}
		{BC88A4D9-EB39-4F5A-8E6E-F9999E3A4843} = {D1F9CAA8-4182-4E6B-8FBB-9E91C71804E1}
		{29756BAD-FF73-4395-9E4C-E408368F79D0} = {F4B1D638-FF40-400A-A30C-5CCE951B3461}
	EndGlobalSection
	GlobalSection(ExtensibilityGlobals) = postSolution
		SolutionGuid = {2A8D4295-4F7E-4865-B60B-0B4382E18703}
	EndGlobalSection
EndGlobal
